
Microsoft Visual Studio Solution File, Format Version 12.00
# Visual Studio Version 17
VisualStudioVersion = 17.3.32929.385
MinimumVisualStudioVersion = 10.0.40219.1
Project("{FAE04EC0-301F-11D3-BF4B-00C04F79EFBC}") = "AdrianSalvadorCoderApi", "AdrianSalvadorCoderApi.csproj", "{95A11ADE-E5CD-498C-A282-D315E3963CDE}"
EndProject
Global
	GlobalSection(SolutionConfigurationPlatforms) = preSolution
		Debug|Any CPU = Debug|Any CPU
		Release|Any CPU = Release|Any CPU
	EndGlobalSection
	GlobalSection(ProjectConfigurationPlatforms) = postSolution
		{95A11ADE-E5CD-498C-A282-D315E3963CDE}.Debug|Any CPU.ActiveCfg = Debug|Any CPU
		{95A11ADE-E5CD-498C-A282-D315E3963CDE}.Debug|Any CPU.Build.0 = Debug|Any CPU
		{95A11ADE-E5CD-498C-A282-D315E3963CDE}.Release|Any CPU.ActiveCfg = Release|Any CPU
		{95A11ADE-E5CD-498C-A282-D315E3963CDE}.Release|Any CPU.Build.0 = Release|Any CPU
	EndGlobalSection
	GlobalSection(SolutionProperties) = preSolution
		HideSolutionNode = FALSE
	EndGlobalSection
	GlobalSection(ExtensibilityGlobals) = postSolution
		SolutionGuid = {1A613EFC-260E-4D0B-B754-B798A92707A7}
	EndGlobalSection
EndGlobal
